// !$*UTF8*$!
{
	archiveVersion = 1;
	classes = {
	};
	objectVersion = 46;
	objects = {

/* Begin PBXBuildFile section */
		B4A0B1A7162C852800BF17FB /* UIKit.framework in Frameworks */ = {isa = PBXBuildFile; fileRef = B4A0B1A6162C852800BF17FB /* UIKit.framework */; };
		B4A0B1A9162C852800BF17FB /* Foundation.framework in Frameworks */ = {isa = PBXBuildFile; fileRef = B4A0B1A8162C852800BF17FB /* Foundation.framework */; };
		B4A0B1AB162C852800BF17FB /* CoreGraphics.framework in Frameworks */ = {isa = PBXBuildFile; fileRef = B4A0B1AA162C852800BF17FB /* CoreGraphics.framework */; };
		B4A0B1B1162C852800BF17FB /* InfoPlist.strings in Resources */ = {isa = PBXBuildFile; fileRef = B4A0B1AF162C852800BF17FB /* InfoPlist.strings */; };
		B4A0B1B3162C852800BF17FB /* main.m in Sources */ = {isa = PBXBuildFile; fileRef = B4A0B1B2162C852800BF17FB /* main.m */; };
		B4A0B1B7162C852800BF17FB /* DTAppDelegate.m in Sources */ = {isa = PBXBuildFile; fileRef = B4A0B1B6162C852800BF17FB /* DTAppDelegate.m */; };
		B4A0B1B9162C852800BF17FB /* Default.png in Resources */ = {isa = PBXBuildFile; fileRef = B4A0B1B8162C852800BF17FB /* Default.png */; };
		B4A0B1BB162C852800BF17FB /* Default@2x.png in Resources */ = {isa = PBXBuildFile; fileRef = B4A0B1BA162C852800BF17FB /* Default@2x.png */; };
		B4A0B1BD162C852800BF17FB /* Default-568h@2x.png in Resources */ = {isa = PBXBuildFile; fileRef = B4A0B1BC162C852800BF17FB /* Default-568h@2x.png */; };
		B4A0B1C0162C852800BF17FB /* MainStoryboard.storyboard in Resources */ = {isa = PBXBuildFile; fileRef = B4A0B1BE162C852800BF17FB /* MainStoryboard.storyboard */; };
		B4A0B1C3162C852800BF17FB /* DTMasterViewController.m in Sources */ = {isa = PBXBuildFile; fileRef = B4A0B1C2162C852800BF17FB /* DTMasterViewController.m */; };
		B4A0B1C6162C852800BF17FB /* DTDetailViewController.m in Sources */ = {isa = PBXBuildFile; fileRef = B4A0B1C5162C852800BF17FB /* DTDetailViewController.m */; };
		B4A0B1D5162C8F9300BF17FB /* MTWhitney.png in Resources */ = {isa = PBXBuildFile; fileRef = B4A0B1D4162C8F9300BF17FB /* MTWhitney.png */; };
		B4E09BA0162DE2380088192D /* reportViewController.m in Sources */ = {isa = PBXBuildFile; fileRef = B4E09B9F162DE2380088192D /* reportViewController.m */; };
		B4F37384162E1EC0000CC00D /* mapViewController.m in Sources */ = {isa = PBXBuildFile; fileRef = B4F37383162E1EC0000CC00D /* mapViewController.m */; };
		B4F37388162E1F91000CC00D /* updateViewController.m in Sources */ = {isa = PBXBuildFile; fileRef = B4F37387162E1F91000CC00D /* updateViewController.m */; };
/* End PBXBuildFile section */

/* Begin PBXFileReference section */
		B4A0B1A2162C852800BF17FB /* Danger_Tab.app */ = {isa = PBXFileReference; explicitFileType = wrapper.application; includeInIndex = 0; path = Danger_Tab.app; sourceTree = BUILT_PRODUCTS_DIR; };
		B4A0B1A6162C852800BF17FB /* UIKit.framework */ = {isa = PBXFileReference; lastKnownFileType = wrapper.framework; name = UIKit.framework; path = System/Library/Frameworks/UIKit.framework; sourceTree = SDKROOT; };
		B4A0B1A8162C852800BF17FB /* Foundation.framework */ = {isa = PBXFileReference; lastKnownFileType = wrapper.framework; name = Foundation.framework; path = System/Library/Frameworks/Foundation.framework; sourceTree = SDKROOT; };
		B4A0B1AA162C852800BF17FB /* CoreGraphics.framework */ = {isa = PBXFileReference; lastKnownFileType = wrapper.framework; name = CoreGraphics.framework; path = System/Library/Frameworks/CoreGraphics.framework; sourceTree = SDKROOT; };
		B4A0B1AE162C852800BF17FB /* Danger_Tab-Info.plist */ = {isa = PBXFileReference; lastKnownFileType = text.plist.xml; path = "Danger_Tab-Info.plist"; sourceTree = "<group>"; };
		B4A0B1B0162C852800BF17FB /* en */ = {isa = PBXFileReference; lastKnownFileType = text.plist.strings; name = en; path = en.lproj/InfoPlist.strings; sourceTree = "<group>"; };
		B4A0B1B2162C852800BF17FB /* main.m */ = {isa = PBXFileReference; lastKnownFileType = sourcecode.c.objc; path = main.m; sourceTree = "<group>"; };
		B4A0B1B4162C852800BF17FB /* Danger_Tab-Prefix.pch */ = {isa = PBXFileReference; lastKnownFileType = sourcecode.c.h; path = "Danger_Tab-Prefix.pch"; sourceTree = "<group>"; };
		B4A0B1B5162C852800BF17FB /* DTAppDelegate.h */ = {isa = PBXFileReference; lastKnownFileType = sourcecode.c.h; path = DTAppDelegate.h; sourceTree = "<group>"; };
		B4A0B1B6162C852800BF17FB /* DTAppDelegate.m */ = {isa = PBXFileReference; lastKnownFileType = sourcecode.c.objc; path = DTAppDelegate.m; sourceTree = "<group>"; };
		B4A0B1B8162C852800BF17FB /* Default.png */ = {isa = PBXFileReference; lastKnownFileType = image.png; path = Default.png; sourceTree = "<group>"; };
		B4A0B1BA162C852800BF17FB /* Default@2x.png */ = {isa = PBXFileReference; lastKnownFileType = image.png; path = "Default@2x.png"; sourceTree = "<group>"; };
		B4A0B1BC162C852800BF17FB /* Default-568h@2x.png */ = {isa = PBXFileReference; lastKnownFileType = image.png; path = "Default-568h@2x.png"; sourceTree = "<group>"; };
		B4A0B1BF162C852800BF17FB /* en */ = {isa = PBXFileReference; lastKnownFileType = file.storyboard; name = en; path = en.lproj/MainStoryboard.storyboard; sourceTree = "<group>"; };
		B4A0B1C1162C852800BF17FB /* DTMasterViewController.h */ = {isa = PBXFileReference; lastKnownFileType = sourcecode.c.h; path = DTMasterViewController.h; sourceTree = "<group>"; };
		B4A0B1C2162C852800BF17FB /* DTMasterViewController.m */ = {isa = PBXFileReference; lastKnownFileType = sourcecode.c.objc; path = DTMasterViewController.m; sourceTree = "<group>"; };
		B4A0B1C4162C852800BF17FB /* DTDetailViewController.h */ = {isa = PBXFileReference; lastKnownFileType = sourcecode.c.h; path = DTDetailViewController.h; sourceTree = "<group>"; };
		B4A0B1C5162C852800BF17FB /* DTDetailViewController.m */ = {isa = PBXFileReference; lastKnownFileType = sourcecode.c.objc; path = DTDetailViewController.m; sourceTree = "<group>"; };
		B4A0B1D4162C8F9300BF17FB /* MTWhitney.png */ = {isa = PBXFileReference; lastKnownFileType = image.png; path = MTWhitney.png; sourceTree = "<group>"; };
		B4E09B9E162DE2380088192D /* reportViewController.h */ = {isa = PBXFileReference; fileEncoding = 4; lastKnownFileType = sourcecode.c.h; path = reportViewController.h; sourceTree = "<group>"; };
		B4E09B9F162DE2380088192D /* reportViewController.m */ = {isa = PBXFileReference; fileEncoding = 4; lastKnownFileType = sourcecode.c.objc; path = reportViewController.m; sourceTree = "<group>"; };
		B4F37382162E1EC0000CC00D /* mapViewController.h */ = {isa = PBXFileReference; fileEncoding = 4; lastKnownFileType = sourcecode.c.h; path = mapViewController.h; sourceTree = "<group>"; };
		B4F37383162E1EC0000CC00D /* mapViewController.m */ = {isa = PBXFileReference; fileEncoding = 4; lastKnownFileType = sourcecode.c.objc; path = mapViewController.m; sourceTree = "<group>"; };
		B4F37386162E1F91000CC00D /* updateViewController.h */ = {isa = PBXFileReference; fileEncoding = 4; lastKnownFileType = sourcecode.c.h; path = updateViewController.h; sourceTree = "<group>"; };
		B4F37387162E1F91000CC00D /* updateViewController.m */ = {isa = PBXFileReference; fileEncoding = 4; lastKnownFileType = sourcecode.c.objc; path = updateViewController.m; sourceTree = "<group>"; };
/* End PBXFileReference section */

/* Begin PBXFrameworksBuildPhase section */
		B4A0B19F162C852800BF17FB /* Frameworks */ = {
			isa = PBXFrameworksBuildPhase;
			buildActionMask = 2147483647;
			files = (
				B4A0B1A7162C852800BF17FB /* UIKit.framework in Frameworks */,
				B4A0B1A9162C852800BF17FB /* Foundation.framework in Frameworks */,
				B4A0B1AB162C852800BF17FB /* CoreGraphics.framework in Frameworks */,
			);
			runOnlyForDeploymentPostprocessing = 0;
		};
/* End PBXFrameworksBuildPhase section */

/* Begin PBXGroup section */
		B4A0B197162C852800BF17FB = {
			isa = PBXGroup;
			children = (
				B4A0B1AC162C852800BF17FB /* Danger_Tab */,
				B4A0B1A5162C852800BF17FB /* Frameworks */,
				B4A0B1A3162C852800BF17FB /* Products */,
			);
			sourceTree = "<group>";
		};
		B4A0B1A3162C852800BF17FB /* Products */ = {
			isa = PBXGroup;
			children = (
				B4A0B1A2162C852800BF17FB /* Danger_Tab.app */,
			);
			name = Products;
			sourceTree = "<group>";
		};
		B4A0B1A5162C852800BF17FB /* Frameworks */ = {
			isa = PBXGroup;
			children = (
				B4A0B1A6162C852800BF17FB /* UIKit.framework */,
				B4A0B1A8162C852800BF17FB /* Foundation.framework */,
				B4A0B1AA162C852800BF17FB /* CoreGraphics.framework */,
			);
			name = Frameworks;
			sourceTree = "<group>";
		};
		B4A0B1AC162C852800BF17FB /* Danger_Tab */ = {
			isa = PBXGroup;
			children = (
				B4E09B9E162DE2380088192D /* reportViewController.h */,
				B4E09B9F162DE2380088192D /* reportViewController.m */,
				B4A0B1B5162C852800BF17FB /* DTAppDelegate.h */,
				B4A0B1B6162C852800BF17FB /* DTAppDelegate.m */,
				B4A0B1BE162C852800BF17FB /* MainStoryboard.storyboard */,
				B4F37386162E1F91000CC00D /* updateViewController.h */,
				B4F37387162E1F91000CC00D /* updateViewController.m */,
				B4F37382162E1EC0000CC00D /* mapViewController.h */,
				B4F37383162E1EC0000CC00D /* mapViewController.m */,
				B4A0B1C1162C852800BF17FB /* DTMasterViewController.h */,
				B4A0B1C2162C852800BF17FB /* DTMasterViewController.m */,
				B4A0B1C4162C852800BF17FB /* DTDetailViewController.h */,
				B4A0B1C5162C852800BF17FB /* DTDetailViewController.m */,
				B4A0B1AD162C852800BF17FB /* Supporting Files */,
			);
			path = Danger_Tab;
			sourceTree = "<group>";
		};
		B4A0B1AD162C852800BF17FB /* Supporting Files */ = {
			isa = PBXGroup;
			children = (
				B4A0B1D4162C8F9300BF17FB /* MTWhitney.png */,
				B4A0B1AE162C852800BF17FB /* Danger_Tab-Info.plist */,
				B4A0B1AF162C852800BF17FB /* InfoPlist.strings */,
				B4A0B1B2162C852800BF17FB /* main.m */,
				B4A0B1B4162C852800BF17FB /* Danger_Tab-Prefix.pch */,
				B4A0B1B8162C852800BF17FB /* Default.png */,
				B4A0B1BA162C852800BF17FB /* Default@2x.png */,
				B4A0B1BC162C852800BF17FB /* Default-568h@2x.png */,
			);
			name = "Supporting Files";
			sourceTree = "<group>";
		};
/* End PBXGroup section */

/* Begin PBXNativeTarget section */
		B4A0B1A1162C852800BF17FB /* Danger_Tab */ = {
			isa = PBXNativeTarget;
			buildConfigurationList = B4A0B1C9162C852800BF17FB /* Build configuration list for PBXNativeTarget "Danger_Tab" */;
			buildPhases = (
				B4A0B19E162C852800BF17FB /* Sources */,
				B4A0B19F162C852800BF17FB /* Frameworks */,
				B4A0B1A0162C852800BF17FB /* Resources */,
			);
			buildRules = (
			);
			dependencies = (
			);
			name = Danger_Tab;
			productName = Danger_Tab;
			productReference = B4A0B1A2162C852800BF17FB /* Danger_Tab.app */;
			productType = "com.apple.product-type.application";
		};
/* End PBXNativeTarget section */

/* Begin PBXProject section */
		B4A0B199162C852800BF17FB /* Project object */ = {
			isa = PBXProject;
			attributes = {
				CLASSPREFIX = DT;
				LastUpgradeCheck = 0450;
				ORGANIZATIONNAME = rbelford;
			};
			buildConfigurationList = B4A0B19C162C852800BF17FB /* Build configuration list for PBXProject "Danger_Tab" */;
			compatibilityVersion = "Xcode 3.2";
			developmentRegion = English;
			hasScannedForEncodings = 0;
			knownRegions = (
				en,
			);
			mainGroup = B4A0B197162C852800BF17FB;
			productRefGroup = B4A0B1A3162C852800BF17FB /* Products */;
			projectDirPath = "";
			projectRoot = "";
			targets = (
				B4A0B1A1162C852800BF17FB /* Danger_Tab */,
			);
		};
/* End PBXProject section */

/* Begin PBXResourcesBuildPhase section */
		B4A0B1A0162C852800BF17FB /* Resources */ = {
			isa = PBXResourcesBuildPhase;
			buildActionMask = 2147483647;
			files = (
				B4A0B1B1162C852800BF17FB /* InfoPlist.strings in Resources */,
				B4A0B1B9162C852800BF17FB /* Default.png in Resources */,
				B4A0B1BB162C852800BF17FB /* Default@2x.png in Resources */,
				B4A0B1BD162C852800BF17FB /* Default-568h@2x.png in Resources */,
				B4A0B1C0162C852800BF17FB /* MainStoryboard.storyboard in Resources */,
				B4A0B1D5162C8F9300BF17FB /* MTWhitney.png in Resources */,
			);
			runOnlyForDeploymentPostprocessing = 0;
		};
/* End PBXResourcesBuildPhase section */

/* Begin PBXSourcesBuildPhase section */
		B4A0B19E162C852800BF17FB /* Sources */ = {
			isa = PBXSourcesBuildPhase;
			buildActionMask = 2147483647;
			files = (
				B4A0B1B3162C852800BF17FB /* main.m in Sources */,
				B4A0B1B7162C852800BF17FB /* DTAppDelegate.m in Sources */,
				B4A0B1C3162C852800BF17FB /* DTMasterViewController.m in Sources */,
				B4A0B1C6162C852800BF17FB /* DTDetailViewController.m in Sources */,
				B4E09BA0162DE2380088192D /* reportViewController.m in Sources */,
				B4F37384162E1EC0000CC00D /* mapViewController.m in Sources */,
				B4F37388162E1F91000CC00D /* updateViewController.m in Sources */,
			);
			runOnlyForDeploymentPostprocessing = 0;
		};
/* End PBXSourcesBuildPhase section */

/* Begin PBXVariantGroup section */
		B4A0B1AF162C852800BF17FB /* InfoPlist.strings */ = {
			isa = PBXVariantGroup;
			children = (
				B4A0B1B0162C852800BF17FB /* en */,
			);
			name = InfoPlist.strings;
			sourceTree = "<group>";
		};
		B4A0B1BE162C852800BF17FB /* MainStoryboard.storyboard */ = {
			isa = PBXVariantGroup;
			children = (
				B4A0B1BF162C852800BF17FB /* en */,
			);
			name = MainStoryboard.storyboard;
			sourceTree = "<group>";
		};
/* End PBXVariantGroup section */

/* Begin XCBuildConfiguration section */
		B4A0B1C7162C852800BF17FB /* Debug */ = {
			isa = XCBuildConfiguration;
			buildSettings = {
				ALWAYS_SEARCH_USER_PATHS = NO;
				CLANG_CXX_LANGUAGE_STANDARD = "gnu++0x";
				CLANG_CXX_LIBRARY = "libc++";
				CLANG_ENABLE_OBJC_ARC = YES;
				CLANG_WARN_EMPTY_BODY = YES;
				CLANG_WARN__DUPLICATE_METHOD_MATCH = YES;
				"CODE_SIGN_IDENTITY[sdk=iphoneos*]" = "iPhone Developer";
				COPY_PHASE_STRIP = NO;
				GCC_C_LANGUAGE_STANDARD = gnu99;
				GCC_DYNAMIC_NO_PIC = NO;
				GCC_OPTIMIZATION_LEVEL = 0;
				GCC_PREPROCESSOR_DEFINITIONS = (
					"DEBUG=1",
					"$(inherited)",
				);
				GCC_SYMBOLS_PRIVATE_EXTERN = NO;
				GCC_WARN_ABOUT_RETURN_TYPE = YES;
				GCC_WARN_UNINITIALIZED_AUTOS = YES;
				GCC_WARN_UNUSED_VARIABLE = YES;
				IPHONEOS_DEPLOYMENT_TARGET = 6.0;
				ONLY_ACTIVE_ARCH = YES;
				SDKROOT = iphoneos;
			};
			name = Debug;
		};
		B4A0B1C8162C852800BF17FB /* Release */ = {
			isa = XCBuildConfiguration;
			buildSettings = {
				ALWAYS_SEARCH_USER_PATHS = NO;
				CLANG_CXX_LANGUAGE_STANDARD = "gnu++0x";
				CLANG_CXX_LIBRARY = "libc++";
				CLANG_ENABLE_OBJC_ARC = YES;
				CLANG_WARN_EMPTY_BODY = YES;
				CLANG_WARN__DUPLICATE_METHOD_MATCH = YES;
				"CODE_SIGN_IDENTITY[sdk=iphoneos*]" = "iPhone Developer";
				COPY_PHASE_STRIP = YES;
				GCC_C_LANGUAGE_STANDARD = gnu99;
				GCC_WARN_ABOUT_RETURN_TYPE = YES;
				GCC_WARN_UNINITIALIZED_AUTOS = YES;
				GCC_WARN_UNUSED_VARIABLE = YES;
				IPHONEOS_DEPLOYMENT_TARGET = 6.0;
				OTHER_CFLAGS = "-DNS_BLOCK_ASSERTIONS=1";
				SDKROOT = iphoneos;
				VALIDATE_PRODUCT = YES;
			};
			name = Release;
		};
		B4A0B1CA162C852800BF17FB /* Debug */ = {
			isa = XCBuildConfiguration;
			buildSettings = {
				GCC_PRECOMPILE_PREFIX_HEADER = YES;
				GCC_PREFIX_HEADER = "Danger_Tab/Danger_Tab-Prefix.pch";
				INFOPLIST_FILE = "Danger_Tab/Danger_Tab-Info.plist";
				PRODUCT_NAME = "$(TARGET_NAME)";
				WRAPPER_EXTENSION = app;
			};
			name = Debug;
		};
		B4A0B1CB162C852800BF17FB /* Release */ = {
			isa = XCBuildConfiguration;
			buildSettings = {
				GCC_PRECOMPILE_PREFIX_HEADER = YES;
				GCC_PREFIX_HEADER = "Danger_Tab/Danger_Tab-Prefix.pch";
				INFOPLIST_FILE = "Danger_Tab/Danger_Tab-Info.plist";
				PRODUCT_NAME = "$(TARGET_NAME)";
				WRAPPER_EXTENSION = app;
			};
			name = Release;
		};
/* End XCBuildConfiguration section */

/* Begin XCConfigurationList section */
		B4A0B19C162C852800BF17FB /* Build configuration list for PBXProject "Danger_Tab" */ = {
			isa = XCConfigurationList;
			buildConfigurations = (
				B4A0B1C7162C852800BF17FB /* Debug */,
				B4A0B1C8162C852800BF17FB /* Release */,
			);
			defaultConfigurationIsVisible = 0;
			defaultConfigurationName = Release;
		};
		B4A0B1C9162C852800BF17FB /* Build configuration list for PBXNativeTarget "Danger_Tab" */ = {
			isa = XCConfigurationList;
			buildConfigurations = (
				B4A0B1CA162C852800BF17FB /* Debug */,
				B4A0B1CB162C852800BF17FB /* Release */,
			);
			defaultConfigurationIsVisible = 0;
			defaultConfigurationName = Release;
		};
/* End XCConfigurationList section */
	};
	rootObject = B4A0B199162C852800BF17FB /* Project object */;
}
